<?xml version='1.0' encoding='UTF-8'?>
<CodeBlocks_project_file>
	<FileVersion major="1" minor="6" />
	<Project>
		<Option title="CodeFighters" />
		<Option pch_mode="2" />
		<Option compiler="gcc" />
		<Build>
			<Target title="Debug">
				<Option output="bin/Debug/CodeFighters" prefix_auto="1" extension_auto="1" />
				<Option object_output="obj/Debug/" />
				<Option type="1" />
				<Option compiler="gcc" />
				<Compiler>
					<Add option="-g" />
					<Add directory="include" />
					<Add directory="$(#sfml.include)" />
				</Compiler>
				<Linker>
					<Add library="sfml-graphics-d" />
					<Add library="sfml-window-d" />
					<Add library="sfml-system-d" />
					<Add library="sfml-audio-d" />
					<Add directory="$(#sfml.lib)" />
				</Linker>
			</Target>
			<Target title="Release">
				<Option output="bin/Release/CodeFighters" prefix_auto="1" extension_auto="1" />
				<Option object_output="obj/Release/" />
				<Option type="1" />
				<Option compiler="gcc" />
				<Compiler>
					<Add option="-O2" />
					<Add directory="include" />
					<Add directory="$(#sfml.include)" />
				</Compiler>
				<Linker>
					<Add option="-s" />
					<Add library="sfml-graphics" />
					<Add library="sfml-window" />
					<Add library="sfml-system" />
					<Add library="sfml-audio" />
					<Add directory="$(#sfml.lib)" />
				</Linker>
			</Target>
		</Build>
		<Compiler>
			<Add option="-Wall" />
			<Add option="-std=c++17" />
			<Add option="-fexceptions" />
		</Compiler>
		<Extensions />
		<Unit filename="include/Character.h" />
		<Unit filename="include/CharacterView.h" />
		<Unit filename="include/GameController.h" />
		<Unit filename="include/IAbility.h" />
		<Unit filename="include/Player.h" />
		<Unit filename="include/Skill.h" />
		<Unit filename="src/controllers/GameController.cpp">
			<Option compilerVar="CC" />
		</Unit>
		<Unit filename="src/main.cpp">
			<Option compilerVar="CC" />
		</Unit>
		<Unit filename="src/models/Character.cpp">
			<Option compilerVar="CC" />
		</Unit>
		<Unit filename="src/models/Player.cpp">
			<Option compilerVar="CC" />
		</Unit>
		<Unit filename="src/models/Skill.cpp">
			<Option compilerVar="CC" />
		</Unit>
		<Unit filename="src/views/CharacterView.cpp">
			<Option compilerVar="CC" />
		</Unit>
	</Project>
</CodeBlocks_project_file>